
Microsoft Visual Studio Solution File, Format Version 12.00
# Visual Studio Version 16
VisualStudioVersion = 16.0.32126.315
MinimumVisualStudioVersion = 10.0.40219.1
Project("{FAE04EC0-301F-11D3-BF4B-00C04F79EFBC}") = "tamagotchi", "tamagotchi.csproj", "{EA93916B-2A8E-42B7-9217-306224A87D65}"
EndProject
Global
	GlobalSection(SolutionConfigurationPlatforms) = preSolution
		Debug|Any CPU = Debug|Any CPU
		Release|Any CPU = Release|Any CPU
	EndGlobalSection
	GlobalSection(ProjectConfigurationPlatforms) = postSolution
		{EA93916B-2A8E-42B7-9217-306224A87D65}.Debug|Any CPU.ActiveCfg = Debug|Any CPU
		{EA93916B-2A8E-42B7-9217-306224A87D65}.Debug|Any CPU.Build.0 = Debug|Any CPU
		{EA93916B-2A8E-42B7-9217-306224A87D65}.Release|Any CPU.ActiveCfg = Release|Any CPU
		{EA93916B-2A8E-42B7-9217-306224A87D65}.Release|Any CPU.Build.0 = Release|Any CPU
	EndGlobalSection
	GlobalSection(SolutionProperties) = preSolution
		HideSolutionNode = FALSE
	EndGlobalSection
	GlobalSection(ExtensibilityGlobals) = postSolution
		SolutionGuid = {9CF0AE3E-9F44-4554-BB26-018352BAE040}
	EndGlobalSection
EndGlobal
